
Microsoft Visual Studio Solution File, Format Version 12.00
# Visual Studio Version 16
VisualStudioVersion = 16.0.31313.79
MinimumVisualStudioVersion = 10.0.40219.1
Project("{FAE04EC0-301F-11D3-BF4B-00C04F79EFBC}") = "entityNuget", "entityNuget\entityNuget.csproj", "{9FE4C27B-EDA1-4683-A144-46EB625922AF}"
EndProject
Global
	GlobalSection(SolutionConfigurationPlatforms) = preSolution
		Debug|Any CPU = Debug|Any CPU
		Release|Any CPU = Release|Any CPU
	EndGlobalSection
	GlobalSection(ProjectConfigurationPlatforms) = postSolution
		{9FE4C27B-EDA1-4683-A144-46EB625922AF}.Debug|Any CPU.ActiveCfg = Debug|Any CPU
		{9FE4C27B-EDA1-4683-A144-46EB625922AF}.Debug|Any CPU.Build.0 = Debug|Any CPU
		{9FE4C27B-EDA1-4683-A144-46EB625922AF}.Release|Any CPU.ActiveCfg = Release|Any CPU
		{9FE4C27B-EDA1-4683-A144-46EB625922AF}.Release|Any CPU.Build.0 = Release|Any CPU
	EndGlobalSection
	GlobalSection(SolutionProperties) = preSolution
		HideSolutionNode = FALSE
	EndGlobalSection
	GlobalSection(ExtensibilityGlobals) = postSolution
		SolutionGuid = {185FB931-175C-41E0-9053-B73F4C718A0F}
	EndGlobalSection
EndGlobal
